{
  "version": "4",
  "specifiers": {
    "jsr:@std/assert@1": "1.0.9",
    "jsr:@std/assert@^1.0.10": "1.0.10",
    "jsr:@std/expect@*": "1.0.10",
    "jsr:@std/internal@^1.0.5": "1.0.5",
    "jsr:@std/testing@*": "1.0.7",
    "npm:@inquirer/prompts@^7.2.0": "7.2.0_@types+node@22.10.2"
  },
  "jsr": {
    "@std/assert@1.0.9": {
      "integrity": "a9f0c611a869cc791b26f523eec54c7e187aab7932c2c8e8bea0622d13680dcd",
      "dependencies": [
        "jsr:@std/internal"
      ]
    },
    "@std/assert@1.0.10": {
      "integrity": "59b5cbac5bd55459a19045d95cc7c2ff787b4f8527c0dd195078ff6f9481fbb3",
      "dependencies": [
        "jsr:@std/internal"
      ]
    },
    "@std/expect@1.0.10": {
      "integrity": "7659b640447887cd1735f866962e10e434f12443b13595b149970c806e6f08db",
      "dependencies": [
        "jsr:@std/assert@^1.0.10",
        "jsr:@std/internal"
      ]
    },
    "@std/internal@1.0.5": {
      "integrity": "54a546004f769c1ac9e025abd15a76b6671ddc9687e2313b67376125650dc7ba"
    },
    "@std/testing@1.0.7": {
      "integrity": "aa5f0507352449064b09eff70ac1b6da3f765ee66bcc20dad9e5e433776580d5",
      "dependencies": [
        "jsr:@std/assert@^1.0.10",
        "jsr:@std/internal"
      ]
    }
  },
  "npm": {
    "@inquirer/checkbox@4.0.3_@types+node@22.10.2": {
      "integrity": "sha512-CEt9B4e8zFOGtc/LYeQx5m8nfqQeG/4oNNv0PUvXGG0mys+wR/WbJ3B4KfSQ4Fcr3AQfpiuFOi3fVvmPfvNbxw==",
      "dependencies": [
        "@inquirer/core",
        "@inquirer/figures",
        "@inquirer/type",
        "@types/node",
        "ansi-escapes",
        "yoctocolors-cjs"
      ]
    },
    "@inquirer/confirm@5.1.0_@types+node@22.10.2": {
      "integrity": "sha512-osaBbIMEqVFjTX5exoqPXs6PilWQdjaLhGtMDXMXg/yxkHXNq43GlxGyTA35lK2HpzUgDN+Cjh/2AmqCN0QJpw==",
      "dependencies": [
        "@inquirer/core",
        "@inquirer/type",
        "@types/node"
      ]
    },
    "@inquirer/core@10.1.1_@types+node@22.10.2": {
      "integrity": "sha512-rmZVXy9iZvO3ZStEe/ayuuwIJ23LSF13aPMlLMTQARX6lGUBDHGV8UB5i9MRrfy0+mZwt5/9bdy8llszSD3NQA==",
      "dependencies": [
        "@inquirer/figures",
        "@inquirer/type",
        "ansi-escapes",
        "cli-width",
        "mute-stream",
        "signal-exit",
        "strip-ansi",
        "wrap-ansi",
        "yoctocolors-cjs"
      ]
    },
    "@inquirer/editor@4.2.0_@types+node@22.10.2": {
      "integrity": "sha512-Z3LeGsD3WlItDqLxTPciZDbGtm0wrz7iJGS/uUxSiQxef33ZrBq7LhsXg30P7xrWz1kZX4iGzxxj5SKZmJ8W+w==",
      "dependencies": [
        "@inquirer/core",
        "@inquirer/type",
        "@types/node",
        "external-editor"
      ]
    },
    "@inquirer/expand@4.0.3_@types+node@22.10.2": {
      "integrity": "sha512-MDszqW4HYBpVMmAoy/FA9laLrgo899UAga0itEjsYrBthKieDZNc0e16gdn7N3cQ0DSf/6zsTBZMuDYDQU4ktg==",
      "dependencies": [
        "@inquirer/core",
        "@inquirer/type",
        "@types/node",
        "yoctocolors-cjs"
      ]
    },
    "@inquirer/figures@1.0.8": {
      "integrity": "sha512-tKd+jsmhq21AP1LhexC0pPwsCxEhGgAkg28byjJAd+xhmIs8LUX8JbUc3vBf3PhLxWiB5EvyBE5X7JSPAqMAqg=="
    },
    "@inquirer/input@4.1.0_@types+node@22.10.2": {
      "integrity": "sha512-16B8A9hY741yGXzd8UJ9R8su/fuuyO2e+idd7oVLYjP23wKJ6ILRIIHcnXe8/6AoYgwRS2zp4PNsW/u/iZ24yg==",
      "dependencies": [
        "@inquirer/core",
        "@inquirer/type",
        "@types/node"
      ]
    },
    "@inquirer/number@3.0.3_@types+node@22.10.2": {
      "integrity": "sha512-HA/W4YV+5deKCehIutfGBzNxWH1nhvUC67O4fC9ufSijn72yrYnRmzvC61dwFvlXIG1fQaYWi+cqNE9PaB9n6Q==",
      "dependencies": [
        "@inquirer/core",
        "@inquirer/type",
        "@types/node"
      ]
    },
    "@inquirer/password@4.0.3_@types+node@22.10.2": {
      "integrity": "sha512-3qWjk6hS0iabG9xx0U1plwQLDBc/HA/hWzLFFatADpR6XfE62LqPr9GpFXBkLU0KQUaIXZ996bNG+2yUvocH8w==",
      "dependencies": [
        "@inquirer/core",
        "@inquirer/type",
        "@types/node",
        "ansi-escapes"
      ]
    },
    "@inquirer/prompts@7.2.0_@types+node@22.10.2": {
      "integrity": "sha512-ZXYZ5oGVrb+hCzcglPeVerJ5SFwennmDOPfXq1WyeZIrPGySLbl4W6GaSsBFvu3WII36AOK5yB8RMIEEkBjf8w==",
      "dependencies": [
        "@inquirer/checkbox",
        "@inquirer/confirm",
        "@inquirer/editor",
        "@inquirer/expand",
        "@inquirer/input",
        "@inquirer/number",
        "@inquirer/password",
        "@inquirer/rawlist",
        "@inquirer/search",
        "@inquirer/select",
        "@types/node"
      ]
    },
    "@inquirer/rawlist@4.0.3_@types+node@22.10.2": {
      "integrity": "sha512-5MhinSzfmOiZlRoPezfbJdfVCZikZs38ja3IOoWe7H1dxL0l3Z2jAUgbBldeyhhOkELdGvPlBfQaNbeLslib1w==",
      "dependencies": [
        "@inquirer/core",
        "@inquirer/type",
        "@types/node",
        "yoctocolors-cjs"
      ]
    },
    "@inquirer/search@3.0.3_@types+node@22.10.2": {
      "integrity": "sha512-mQTCbdNolTGvGGVCJSI6afDwiSGTV+fMLPEIMDJgIV6L/s3+RYRpxt6t0DYnqMQmemnZ/Zq0vTIRwoHT1RgcTg==",
      "dependencies": [
        "@inquirer/core",
        "@inquirer/figures",
        "@inquirer/type",
        "@types/node",
        "yoctocolors-cjs"
      ]
    },
    "@inquirer/select@4.0.3_@types+node@22.10.2": {
      "integrity": "sha512-OZfKDtDE8+J54JYAFTUGZwvKNfC7W/gFCjDkcsO7HnTH/wljsZo9y/FJquOxMy++DY0+9l9o/MOZ8s5s1j5wmw==",
      "dependencies": [
        "@inquirer/core",
        "@inquirer/figures",
        "@inquirer/type",
        "@types/node",
        "ansi-escapes",
        "yoctocolors-cjs"
      ]
    },
    "@inquirer/type@3.0.1_@types+node@22.10.2": {
      "integrity": "sha512-+ksJMIy92sOAiAccGpcKZUc3bYO07cADnscIxHBknEm3uNts3movSmBofc1908BNy5edKscxYeAdaX1NXkHS6A==",
      "dependencies": [
        "@types/node"
      ]
    },
    "@types/node@22.10.2": {
      "integrity": "sha512-Xxr6BBRCAOQixvonOye19wnzyDiUtTeqldOOmj3CkeblonbccA12PFwlufvRdrpjXxqnmUaeiU5EOA+7s5diUQ==",
      "dependencies": [
        "undici-types"
      ]
    },
    "ansi-escapes@4.3.2": {
      "integrity": "sha512-gKXj5ALrKWQLsYG9jlTRmR/xKluxHV+Z9QEwNIgCfM1/uwPMCuzVVnh5mwTd+OuBZcwSIMbqssNWRm1lE51QaQ==",
      "dependencies": [
        "type-fest"
      ]
    },
    "ansi-regex@5.0.1": {
      "integrity": "sha512-quJQXlTSUGL2LH9SUXo8VwsY4soanhgo6LNSm84E1LBcE8s3O0wpdiRzyR9z/ZZJMlMWv37qOOb9pdJlMUEKFQ=="
    },
    "ansi-styles@4.3.0": {
      "integrity": "sha512-zbB9rCJAT1rbjiVDb2hqKFHNYLxgtk8NURxZ3IZwD3F6NtxbXZQCnnSi1Lkx+IDohdPlFp222wVALIheZJQSEg==",
      "dependencies": [
        "color-convert"
      ]
    },
    "chardet@0.7.0": {
      "integrity": "sha512-mT8iDcrh03qDGRRmoA2hmBJnxpllMR+0/0qlzjqZES6NdiWDcZkCNAk4rPFZ9Q85r27unkiNNg8ZOiwZXBHwcA=="
    },
    "cli-width@4.1.0": {
      "integrity": "sha512-ouuZd4/dm2Sw5Gmqy6bGyNNNe1qt9RpmxveLSO7KcgsTnU7RXfsw+/bukWGo1abgBiMAic068rclZsO4IWmmxQ=="
    },
    "color-convert@2.0.1": {
      "integrity": "sha512-RRECPsj7iu/xb5oKYcsFHSppFNnsj/52OVTRKb4zP5onXwVF3zVmmToNcOfGC+CRDpfK/U584fMg38ZHCaElKQ==",
      "dependencies": [
        "color-name"
      ]
    },
    "color-name@1.1.4": {
      "integrity": "sha512-dOy+3AuW3a2wNbZHIuMZpTcgjGuLU/uBL/ubcZF9OXbDo8ff4O8yVp5Bf0efS8uEoYo5q4Fx7dY9OgQGXgAsQA=="
    },
    "emoji-regex@8.0.0": {
      "integrity": "sha512-MSjYzcWNOA0ewAHpz0MxpYFvwg6yjy1NG3xteoqz644VCo/RPgnr1/GGt+ic3iJTzQ8Eu3TdM14SawnVUmGE6A=="
    },
    "external-editor@3.1.0": {
      "integrity": "sha512-hMQ4CX1p1izmuLYyZqLMO/qGNw10wSv9QDCPfzXfyFrOaCSSoRfqE1Kf1s5an66J5JZC62NewG+mK49jOCtQew==",
      "dependencies": [
        "chardet",
        "iconv-lite",
        "tmp"
      ]
    },
    "iconv-lite@0.4.24": {
      "integrity": "sha512-v3MXnZAcvnywkTUEZomIActle7RXXeedOR31wwl7VlyoXO4Qi9arvSenNQWne1TcRwhCL1HwLI21bEqdpj8/rA==",
      "dependencies": [
        "safer-buffer"
      ]
    },
    "is-fullwidth-code-point@3.0.0": {
      "integrity": "sha512-zymm5+u+sCsSWyD9qNaejV3DFvhCKclKdizYaJUuHA83RLjb7nSuGnddCHGv0hk+KY7BMAlsWeK4Ueg6EV6XQg=="
    },
    "mute-stream@2.0.0": {
      "integrity": "sha512-WWdIxpyjEn+FhQJQQv9aQAYlHoNVdzIzUySNV1gHUPDSdZJ3yZn7pAAbQcV7B56Mvu881q9FZV+0Vx2xC44VWA=="
    },
    "os-tmpdir@1.0.2": {
      "integrity": "sha512-D2FR03Vir7FIu45XBY20mTb+/ZSWB00sjU9jdQXt83gDrI4Ztz5Fs7/yy74g2N5SVQY4xY1qDr4rNddwYRVX0g=="
    },
    "safer-buffer@2.1.2": {
      "integrity": "sha512-YZo3K82SD7Riyi0E1EQPojLz7kpepnSQI9IyPbHHg1XXXevb5dJI7tpyN2ADxGcQbHG7vcyRHk0cbwqcQriUtg=="
    },
    "signal-exit@4.1.0": {
      "integrity": "sha512-bzyZ1e88w9O1iNJbKnOlvYTrWPDl46O1bG0D3XInv+9tkPrxrN8jUUTiFlDkkmKWgn1M6CfIA13SuGqOa9Korw=="
    },
    "string-width@4.2.3": {
      "integrity": "sha512-wKyQRQpjJ0sIp62ErSZdGsjMJWsap5oRNihHhu6G7JVO/9jIB6UyevL+tXuOqrng8j/cxKTWyWUwvSTriiZz/g==",
      "dependencies": [
        "emoji-regex",
        "is-fullwidth-code-point",
        "strip-ansi"
      ]
    },
    "strip-ansi@6.0.1": {
      "integrity": "sha512-Y38VPSHcqkFrCpFnQ9vuSXmquuv5oXOKpGeT6aGrr3o3Gc9AlVa6JBfUSOCnbxGGZF+/0ooI7KrPuUSztUdU5A==",
      "dependencies": [
        "ansi-regex"
      ]
    },
    "tmp@0.0.33": {
      "integrity": "sha512-jRCJlojKnZ3addtTOjdIqoRuPEKBvNXcGYqzO6zWZX8KfKEpnGY5jfggJQ3EjKuu8D4bJRr0y+cYJFmYbImXGw==",
      "dependencies": [
        "os-tmpdir"
      ]
    },
    "type-fest@0.21.3": {
      "integrity": "sha512-t0rzBq87m3fVcduHDUFhKmyyX+9eo6WQjZvf51Ea/M0Q7+T374Jp1aUiyUl0GKxp8M/OETVHSDvmkyPgvX+X2w=="
    },
    "undici-types@6.20.0": {
      "integrity": "sha512-Ny6QZ2Nju20vw1SRHe3d9jVu6gJ+4e3+MMpqu7pqE5HT6WsTSlce++GQmK5UXS8mzV8DSYHrQH+Xrf2jVcuKNg=="
    },
    "wrap-ansi@6.2.0": {
      "integrity": "sha512-r6lPcBGxZXlIcymEu7InxDMhdW0KDxpLgoFLcguasxCaJ/SOIZwINatK9KY/tf+ZrlywOKU0UDj3ATXUBfxJXA==",
      "dependencies": [
        "ansi-styles",
        "string-width",
        "strip-ansi"
      ]
    },
    "yoctocolors-cjs@2.1.2": {
      "integrity": "sha512-cYVsTjKl8b+FrnidjibDWskAv7UKOfcwaVZdp/it9n1s9fU3IkgDbhdIRKCW4JDsAlECJY0ytoVPT3sK6kideA=="
    }
  },
  "workspace": {
    "dependencies": [
      "jsr:@std/assert@1",
      "npm:@inquirer/prompts@^7.2.0"
    ]
  }
}
